[root]
name = "xmz_server"
version = "0.2.0"
dependencies = [
 "libmodbus-rs 0.1.3 (git+https://github.com/zzeroo/libmodbus-rs.git)",
 "nanomsg 0.6.0 (registry+https://github.com/rust-lang/crates.io-index)",
 "xmz_shift_register 0.2.0 (git+https://github.com/zzeroo/xmz_shift_register.git)",
]

[[package]]
name = "bitflags"
version = "0.1.1"
source = "registry+https://github.com/rust-lang/crates.io-index"

[[package]]
name = "bitflags"
version = "0.4.0"
source = "registry+https://github.com/rust-lang/crates.io-index"

[[package]]
name = "gcc"
version = "0.3.28"
source = "registry+https://github.com/rust-lang/crates.io-index"

[[package]]
name = "libc"
version = "0.2.13"
source = "registry+https://github.com/rust-lang/crates.io-index"

[[package]]
name = "libmodbus-rs"
version = "0.1.3"
source = "git+https://github.com/zzeroo/libmodbus-rs.git#40ac7f63acdf3e2d3acf3c7673c66c9d48aea3cb"
dependencies = [
 "bitflags 0.1.1 (registry+https://github.com/rust-lang/crates.io-index)",
 "libc 0.2.13 (registry+https://github.com/rust-lang/crates.io-index)",
 "libmodbus-sys 0.1.1 (git+https://github.com/zzeroo/libmodbus-rs.git)",
]

[[package]]
name = "libmodbus-sys"
version = "0.1.1"
source = "git+https://github.com/zzeroo/libmodbus-rs.git#40ac7f63acdf3e2d3acf3c7673c66c9d48aea3cb"
dependencies = [
 "gcc 0.3.28 (registry+https://github.com/rust-lang/crates.io-index)",
 "libc 0.2.13 (registry+https://github.com/rust-lang/crates.io-index)",
 "pkg-config 0.3.8 (registry+https://github.com/rust-lang/crates.io-index)",
]

[[package]]
name = "nanomsg"
version = "0.6.0"
source = "registry+https://github.com/rust-lang/crates.io-index"
dependencies = [
 "libc 0.2.13 (registry+https://github.com/rust-lang/crates.io-index)",
 "nanomsg-sys 0.6.0 (registry+https://github.com/rust-lang/crates.io-index)",
]

[[package]]
name = "nanomsg-sys"
version = "0.6.0"
source = "registry+https://github.com/rust-lang/crates.io-index"
dependencies = [
 "libc 0.2.13 (registry+https://github.com/rust-lang/crates.io-index)",
]

[[package]]
name = "nix"
version = "0.5.1"
source = "registry+https://github.com/rust-lang/crates.io-index"
dependencies = [
 "bitflags 0.4.0 (registry+https://github.com/rust-lang/crates.io-index)",
 "libc 0.2.13 (registry+https://github.com/rust-lang/crates.io-index)",
]

[[package]]
name = "pkg-config"
version = "0.3.8"
source = "registry+https://github.com/rust-lang/crates.io-index"

[[package]]
name = "sysfs_gpio"
version = "0.4.0"
source = "git+https://github.com/zzeroo/rust-sysfs-gpio.git#df18636b02b6fbbd5a02694ac6fa8242c1cb8cb3"
dependencies = [
 "nix 0.5.1 (registry+https://github.com/rust-lang/crates.io-index)",
]

[[package]]
name = "xmz_shift_register"
version = "0.2.0"
source = "git+https://github.com/zzeroo/xmz_shift_register.git#a537ce4a6429a57d2d0a2e41468562681d65db8f"
dependencies = [
 "sysfs_gpio 0.4.0 (git+https://github.com/zzeroo/rust-sysfs-gpio.git)",
]

